
Microsoft Visual Studio Solution File, Format Version 12.00
# Visual Studio 14
VisualStudioVersion = 14.0.25123.0
MinimumVisualStudioVersion = 10.0.40219.1
Project("{2150E333-8FDC-42A3-9474-1A3956D46DE8}") = "Makao", "Makao", "{7C19A7FD-A659-4E7A-ADE3-B5A84DB1038D}"
EndProject
Project("{FAE04EC0-301F-11D3-BF4B-00C04F79EFBC}") = "Makao.Hub", "MakaoHub\Makao.Hub.csproj", "{B1037581-B412-44F6-B083-A35F17FC345C}"
EndProject
Project("{2150E333-8FDC-42A3-9474-1A3956D46DE8}") = "PublishScripts", "PublishScripts", "{D6CFDF90-0CF8-4C60-95D1-39908F3D1268}"
	ProjectSection(SolutionItems) = preProject
		PublishScripts\AzureVMPublishModule.psm1 = PublishScripts\AzureVMPublishModule.psm1
		PublishScripts\Publish-WebApplicationVM.ps1 = PublishScripts\Publish-WebApplicationVM.ps1
	EndProjectSection
EndProject
Project("{2150E333-8FDC-42A3-9474-1A3956D46DE8}") = "Configurations", "Configurations", "{AAE58D33-504C-448A-8D08-12C3116653A5}"
	ProjectSection(SolutionItems) = preProject
		PublishScripts\Configurations\MakaoHub-WAWS-dev.json = PublishScripts\Configurations\MakaoHub-WAWS-dev.json
	EndProjectSection
EndProject
Project("{FAE04EC0-301F-11D3-BF4B-00C04F79EFBC}") = "Makao.Models", "Makao.Models\Makao.Models.csproj", "{D2B38A9F-F189-4C08-9B4B-3AC520147AF9}"
EndProject
Project("{FAE04EC0-301F-11D3-BF4B-00C04F79EFBC}") = "Makao.Common", "Makao.Common\Makao.Common.csproj", "{E8F773B5-78FA-44E8-8A8D-E76C4E1C2B41}"
EndProject
Project("{FAE04EC0-301F-11D3-BF4B-00C04F79EFBC}") = "Makao.Game", "Makao.Game.UWP\Makao.Game.csproj", "{EDB5979B-32DE-4613-A7FC-73CF01182A17}"
EndProject
Project("{FAE04EC0-301F-11D3-BF4B-00C04F79EFBC}") = "Makao.Tests", "Makao.Tests\Makao.Tests.csproj", "{2CE104EC-5255-4F0E-BBA6-9D678A66119A}"
EndProject
Project("{FAE04EC0-301F-11D3-BF4B-00C04F79EFBC}") = "Makao.Data", "Makao.Data\Makao.Data.csproj", "{734691E2-1519-4A09-8B19-3015726D2A19}"
EndProject
Global
	GlobalSection(SolutionConfigurationPlatforms) = preSolution
		Debug|Any CPU = Debug|Any CPU
		Debug|ARM = Debug|ARM
		Debug|x64 = Debug|x64
		Debug|x86 = Debug|x86
		Release|Any CPU = Release|Any CPU
		Release|ARM = Release|ARM
		Release|x64 = Release|x64
		Release|x86 = Release|x86
	EndGlobalSection
	GlobalSection(ProjectConfigurationPlatforms) = postSolution
		{B1037581-B412-44F6-B083-A35F17FC345C}.Debug|Any CPU.ActiveCfg = Debug|Any CPU
		{B1037581-B412-44F6-B083-A35F17FC345C}.Debug|Any CPU.Build.0 = Debug|Any CPU
		{B1037581-B412-44F6-B083-A35F17FC345C}.Debug|ARM.ActiveCfg = Debug|Any CPU
		{B1037581-B412-44F6-B083-A35F17FC345C}.Debug|ARM.Build.0 = Debug|Any CPU
		{B1037581-B412-44F6-B083-A35F17FC345C}.Debug|x64.ActiveCfg = Debug|Any CPU
		{B1037581-B412-44F6-B083-A35F17FC345C}.Debug|x64.Build.0 = Debug|Any CPU
		{B1037581-B412-44F6-B083-A35F17FC345C}.Debug|x86.ActiveCfg = Debug|Any CPU
		{B1037581-B412-44F6-B083-A35F17FC345C}.Debug|x86.Build.0 = Debug|Any CPU
		{B1037581-B412-44F6-B083-A35F17FC345C}.Release|Any CPU.ActiveCfg = Release|Any CPU
		{B1037581-B412-44F6-B083-A35F17FC345C}.Release|Any CPU.Build.0 = Release|Any CPU
		{B1037581-B412-44F6-B083-A35F17FC345C}.Release|ARM.ActiveCfg = Release|Any CPU
		{B1037581-B412-44F6-B083-A35F17FC345C}.Release|ARM.Build.0 = Release|Any CPU
		{B1037581-B412-44F6-B083-A35F17FC345C}.Release|x64.ActiveCfg = Release|Any CPU
		{B1037581-B412-44F6-B083-A35F17FC345C}.Release|x64.Build.0 = Release|Any CPU
		{B1037581-B412-44F6-B083-A35F17FC345C}.Release|x86.ActiveCfg = Release|Any CPU
		{B1037581-B412-44F6-B083-A35F17FC345C}.Release|x86.Build.0 = Release|Any CPU
		{D2B38A9F-F189-4C08-9B4B-3AC520147AF9}.Debug|Any CPU.ActiveCfg = Debug|Any CPU
		{D2B38A9F-F189-4C08-9B4B-3AC520147AF9}.Debug|Any CPU.Build.0 = Debug|Any CPU
		{D2B38A9F-F189-4C08-9B4B-3AC520147AF9}.Debug|ARM.ActiveCfg = Debug|Any CPU
		{D2B38A9F-F189-4C08-9B4B-3AC520147AF9}.Debug|ARM.Build.0 = Debug|Any CPU
		{D2B38A9F-F189-4C08-9B4B-3AC520147AF9}.Debug|x64.ActiveCfg = Debug|Any CPU
		{D2B38A9F-F189-4C08-9B4B-3AC520147AF9}.Debug|x64.Build.0 = Debug|Any CPU
		{D2B38A9F-F189-4C08-9B4B-3AC520147AF9}.Debug|x86.ActiveCfg = Debug|Any CPU
		{D2B38A9F-F189-4C08-9B4B-3AC520147AF9}.Debug|x86.Build.0 = Debug|Any CPU
		{D2B38A9F-F189-4C08-9B4B-3AC520147AF9}.Release|Any CPU.ActiveCfg = Release|Any CPU
		{D2B38A9F-F189-4C08-9B4B-3AC520147AF9}.Release|Any CPU.Build.0 = Release|Any CPU
		{D2B38A9F-F189-4C08-9B4B-3AC520147AF9}.Release|ARM.ActiveCfg = Release|Any CPU
		{D2B38A9F-F189-4C08-9B4B-3AC520147AF9}.Release|ARM.Build.0 = Release|Any CPU
		{D2B38A9F-F189-4C08-9B4B-3AC520147AF9}.Release|x64.ActiveCfg = Release|Any CPU
		{D2B38A9F-F189-4C08-9B4B-3AC520147AF9}.Release|x64.Build.0 = Release|Any CPU
		{D2B38A9F-F189-4C08-9B4B-3AC520147AF9}.Release|x86.ActiveCfg = Release|Any CPU
		{D2B38A9F-F189-4C08-9B4B-3AC520147AF9}.Release|x86.Build.0 = Release|Any CPU
		{E8F773B5-78FA-44E8-8A8D-E76C4E1C2B41}.Debug|Any CPU.ActiveCfg = Debug|Any CPU
		{E8F773B5-78FA-44E8-8A8D-E76C4E1C2B41}.Debug|Any CPU.Build.0 = Debug|Any CPU
		{E8F773B5-78FA-44E8-8A8D-E76C4E1C2B41}.Debug|ARM.ActiveCfg = Debug|Any CPU
		{E8F773B5-78FA-44E8-8A8D-E76C4E1C2B41}.Debug|ARM.Build.0 = Debug|Any CPU
		{E8F773B5-78FA-44E8-8A8D-E76C4E1C2B41}.Debug|x64.ActiveCfg = Debug|Any CPU
		{E8F773B5-78FA-44E8-8A8D-E76C4E1C2B41}.Debug|x64.Build.0 = Debug|Any CPU
		{E8F773B5-78FA-44E8-8A8D-E76C4E1C2B41}.Debug|x86.ActiveCfg = Debug|Any CPU
		{E8F773B5-78FA-44E8-8A8D-E76C4E1C2B41}.Debug|x86.Build.0 = Debug|Any CPU
		{E8F773B5-78FA-44E8-8A8D-E76C4E1C2B41}.Release|Any CPU.ActiveCfg = Release|Any CPU
		{E8F773B5-78FA-44E8-8A8D-E76C4E1C2B41}.Release|Any CPU.Build.0 = Release|Any CPU
		{E8F773B5-78FA-44E8-8A8D-E76C4E1C2B41}.Release|ARM.ActiveCfg = Release|Any CPU
		{E8F773B5-78FA-44E8-8A8D-E76C4E1C2B41}.Release|ARM.Build.0 = Release|Any CPU
		{E8F773B5-78FA-44E8-8A8D-E76C4E1C2B41}.Release|x64.ActiveCfg = Release|Any CPU
		{E8F773B5-78FA-44E8-8A8D-E76C4E1C2B41}.Release|x64.Build.0 = Release|Any CPU
		{E8F773B5-78FA-44E8-8A8D-E76C4E1C2B41}.Release|x86.ActiveCfg = Release|Any CPU
		{E8F773B5-78FA-44E8-8A8D-E76C4E1C2B41}.Release|x86.Build.0 = Release|Any CPU
		{EDB5979B-32DE-4613-A7FC-73CF01182A17}.Debug|Any CPU.ActiveCfg = Debug|x86
		{EDB5979B-32DE-4613-A7FC-73CF01182A17}.Debug|ARM.ActiveCfg = Debug|ARM
		{EDB5979B-32DE-4613-A7FC-73CF01182A17}.Debug|ARM.Build.0 = Debug|ARM
		{EDB5979B-32DE-4613-A7FC-73CF01182A17}.Debug|ARM.Deploy.0 = Debug|ARM
		{EDB5979B-32DE-4613-A7FC-73CF01182A17}.Debug|x64.ActiveCfg = Debug|x64
		{EDB5979B-32DE-4613-A7FC-73CF01182A17}.Debug|x64.Build.0 = Debug|x64
		{EDB5979B-32DE-4613-A7FC-73CF01182A17}.Debug|x64.Deploy.0 = Debug|x64
		{EDB5979B-32DE-4613-A7FC-73CF01182A17}.Debug|x86.ActiveCfg = Debug|x86
		{EDB5979B-32DE-4613-A7FC-73CF01182A17}.Debug|x86.Build.0 = Debug|x86
		{EDB5979B-32DE-4613-A7FC-73CF01182A17}.Debug|x86.Deploy.0 = Debug|x86
		{EDB5979B-32DE-4613-A7FC-73CF01182A17}.Release|Any CPU.ActiveCfg = Release|x86
		{EDB5979B-32DE-4613-A7FC-73CF01182A17}.Release|ARM.ActiveCfg = Release|ARM
		{EDB5979B-32DE-4613-A7FC-73CF01182A17}.Release|ARM.Build.0 = Release|ARM
		{EDB5979B-32DE-4613-A7FC-73CF01182A17}.Release|ARM.Deploy.0 = Release|ARM
		{EDB5979B-32DE-4613-A7FC-73CF01182A17}.Release|x64.ActiveCfg = Release|x64
		{EDB5979B-32DE-4613-A7FC-73CF01182A17}.Release|x64.Build.0 = Release|x64
		{EDB5979B-32DE-4613-A7FC-73CF01182A17}.Release|x64.Deploy.0 = Release|x64
		{EDB5979B-32DE-4613-A7FC-73CF01182A17}.Release|x86.ActiveCfg = Release|x86
		{EDB5979B-32DE-4613-A7FC-73CF01182A17}.Release|x86.Build.0 = Release|x86
		{EDB5979B-32DE-4613-A7FC-73CF01182A17}.Release|x86.Deploy.0 = Release|x86
		{2CE104EC-5255-4F0E-BBA6-9D678A66119A}.Debug|Any CPU.ActiveCfg = Debug|Any CPU
		{2CE104EC-5255-4F0E-BBA6-9D678A66119A}.Debug|Any CPU.Build.0 = Debug|Any CPU
		{2CE104EC-5255-4F0E-BBA6-9D678A66119A}.Debug|ARM.ActiveCfg = Debug|Any CPU
		{2CE104EC-5255-4F0E-BBA6-9D678A66119A}.Debug|ARM.Build.0 = Debug|Any CPU
		{2CE104EC-5255-4F0E-BBA6-9D678A66119A}.Debug|x64.ActiveCfg = Debug|Any CPU
		{2CE104EC-5255-4F0E-BBA6-9D678A66119A}.Debug|x64.Build.0 = Debug|Any CPU
		{2CE104EC-5255-4F0E-BBA6-9D678A66119A}.Debug|x86.ActiveCfg = Debug|Any CPU
		{2CE104EC-5255-4F0E-BBA6-9D678A66119A}.Debug|x86.Build.0 = Debug|Any CPU
		{2CE104EC-5255-4F0E-BBA6-9D678A66119A}.Release|Any CPU.ActiveCfg = Release|Any CPU
		{2CE104EC-5255-4F0E-BBA6-9D678A66119A}.Release|Any CPU.Build.0 = Release|Any CPU
		{2CE104EC-5255-4F0E-BBA6-9D678A66119A}.Release|ARM.ActiveCfg = Release|Any CPU
		{2CE104EC-5255-4F0E-BBA6-9D678A66119A}.Release|ARM.Build.0 = Release|Any CPU
		{2CE104EC-5255-4F0E-BBA6-9D678A66119A}.Release|x64.ActiveCfg = Release|Any CPU
		{2CE104EC-5255-4F0E-BBA6-9D678A66119A}.Release|x64.Build.0 = Release|Any CPU
		{2CE104EC-5255-4F0E-BBA6-9D678A66119A}.Release|x86.ActiveCfg = Release|Any CPU
		{2CE104EC-5255-4F0E-BBA6-9D678A66119A}.Release|x86.Build.0 = Release|Any CPU
		{734691E2-1519-4A09-8B19-3015726D2A19}.Debug|Any CPU.ActiveCfg = Debug|Any CPU
		{734691E2-1519-4A09-8B19-3015726D2A19}.Debug|Any CPU.Build.0 = Debug|Any CPU
		{734691E2-1519-4A09-8B19-3015726D2A19}.Debug|ARM.ActiveCfg = Debug|Any CPU
		{734691E2-1519-4A09-8B19-3015726D2A19}.Debug|ARM.Build.0 = Debug|Any CPU
		{734691E2-1519-4A09-8B19-3015726D2A19}.Debug|x64.ActiveCfg = Debug|Any CPU
		{734691E2-1519-4A09-8B19-3015726D2A19}.Debug|x64.Build.0 = Debug|Any CPU
		{734691E2-1519-4A09-8B19-3015726D2A19}.Debug|x86.ActiveCfg = Debug|Any CPU
		{734691E2-1519-4A09-8B19-3015726D2A19}.Debug|x86.Build.0 = Debug|Any CPU
		{734691E2-1519-4A09-8B19-3015726D2A19}.Release|Any CPU.ActiveCfg = Release|Any CPU
		{734691E2-1519-4A09-8B19-3015726D2A19}.Release|Any CPU.Build.0 = Release|Any CPU
		{734691E2-1519-4A09-8B19-3015726D2A19}.Release|ARM.ActiveCfg = Release|Any CPU
		{734691E2-1519-4A09-8B19-3015726D2A19}.Release|ARM.Build.0 = Release|Any CPU
		{734691E2-1519-4A09-8B19-3015726D2A19}.Release|x64.ActiveCfg = Release|Any CPU
		{734691E2-1519-4A09-8B19-3015726D2A19}.Release|x64.Build.0 = Release|Any CPU
		{734691E2-1519-4A09-8B19-3015726D2A19}.Release|x86.ActiveCfg = Release|Any CPU
		{734691E2-1519-4A09-8B19-3015726D2A19}.Release|x86.Build.0 = Release|Any CPU
	EndGlobalSection
	GlobalSection(SolutionProperties) = preSolution
		HideSolutionNode = FALSE
	EndGlobalSection
	GlobalSection(NestedProjects) = preSolution
		{B1037581-B412-44F6-B083-A35F17FC345C} = {7C19A7FD-A659-4E7A-ADE3-B5A84DB1038D}
		{AAE58D33-504C-448A-8D08-12C3116653A5} = {D6CFDF90-0CF8-4C60-95D1-39908F3D1268}
		{D2B38A9F-F189-4C08-9B4B-3AC520147AF9} = {7C19A7FD-A659-4E7A-ADE3-B5A84DB1038D}
		{E8F773B5-78FA-44E8-8A8D-E76C4E1C2B41} = {7C19A7FD-A659-4E7A-ADE3-B5A84DB1038D}
		{EDB5979B-32DE-4613-A7FC-73CF01182A17} = {7C19A7FD-A659-4E7A-ADE3-B5A84DB1038D}
		{2CE104EC-5255-4F0E-BBA6-9D678A66119A} = {7C19A7FD-A659-4E7A-ADE3-B5A84DB1038D}
		{734691E2-1519-4A09-8B19-3015726D2A19} = {7C19A7FD-A659-4E7A-ADE3-B5A84DB1038D}
	EndGlobalSection
EndGlobal
