
Microsoft Visual Studio Solution File, Format Version 12.00
# Visual Studio 14
VisualStudioVersion = 14.0.24720.0
MinimumVisualStudioVersion = 10.0.40219.1
Project("{2150E333-8FDC-42A3-9474-1A3956D46DE8}") = "Makao", "Makao", "{7C19A7FD-A659-4E7A-ADE3-B5A84DB1038D}"
EndProject
Project("{FAE04EC0-301F-11D3-BF4B-00C04F79EFBC}") = "Makao.Hub", "MakaoHub\Makao.Hub.csproj", "{B1037581-B412-44F6-B083-A35F17FC345C}"
EndProject
Project("{2150E333-8FDC-42A3-9474-1A3956D46DE8}") = "PublishScripts", "PublishScripts", "{D6CFDF90-0CF8-4C60-95D1-39908F3D1268}"
	ProjectSection(SolutionItems) = preProject
		PublishScripts\AzureVMPublishModule.psm1 = PublishScripts\AzureVMPublishModule.psm1
		PublishScripts\Publish-WebApplicationVM.ps1 = PublishScripts\Publish-WebApplicationVM.ps1
	EndProjectSection
EndProject
Project("{2150E333-8FDC-42A3-9474-1A3956D46DE8}") = "Configurations", "Configurations", "{AAE58D33-504C-448A-8D08-12C3116653A5}"
	ProjectSection(SolutionItems) = preProject
		PublishScripts\Configurations\MakaoHub-WAWS-dev.json = PublishScripts\Configurations\MakaoHub-WAWS-dev.json
	EndProjectSection
EndProject
Project("{FAE04EC0-301F-11D3-BF4B-00C04F79EFBC}") = "Makao.Models", "Makao.Models\Makao.Models.csproj", "{D2B38A9F-F189-4C08-9B4B-3AC520147AF9}"
EndProject
Project("{FAE04EC0-301F-11D3-BF4B-00C04F79EFBC}") = "Makao.Common", "Makao.Common\Makao.Common.csproj", "{E8F773B5-78FA-44E8-8A8D-E76C4E1C2B41}"
EndProject
Project("{D954291E-2A0B-460D-934E-DC6B0785DB48}") = "Makao.Game.Shared", "Makao.Game\Makao.Game.Shared\Makao.Game.Shared.shproj", "{BB8B62D2-70CB-4E4A-B205-9878FEFB21EC}"
EndProject
Project("{FAE04EC0-301F-11D3-BF4B-00C04F79EFBC}") = "Makao.Game.Windows", "Makao.Game\Makao.Game.Windows\Makao.Game.Windows.csproj", "{5AED5F01-1C1E-4950-A5B9-A6FEC9D85A25}"
EndProject
Project("{FAE04EC0-301F-11D3-BF4B-00C04F79EFBC}") = "Makao.Game.WindowsPhone", "Makao.Game\Makao.Game.WindowsPhone\Makao.Game.WindowsPhone.csproj", "{59DE9402-78BD-461E-854E-989C45E91F68}"
EndProject
Global
	GlobalSection(SharedMSBuildProjectFiles) = preSolution
		Makao.Game\Makao.Game.Shared\Makao.Game.Shared.projitems*{59de9402-78bd-461e-854e-989c45e91f68}*SharedItemsImports = 4
		Makao.Game\Makao.Game.Shared\Makao.Game.Shared.projitems*{5aed5f01-1c1e-4950-a5b9-a6fec9d85a25}*SharedItemsImports = 4
		Makao.Game\Makao.Game.Shared\Makao.Game.Shared.projitems*{bb8b62d2-70cb-4e4a-b205-9878fefb21ec}*SharedItemsImports = 13
	EndGlobalSection
	GlobalSection(SolutionConfigurationPlatforms) = preSolution
		Debug|Any CPU = Debug|Any CPU
		Debug|ARM = Debug|ARM
		Debug|x64 = Debug|x64
		Debug|x86 = Debug|x86
		Release|Any CPU = Release|Any CPU
		Release|ARM = Release|ARM
		Release|x64 = Release|x64
		Release|x86 = Release|x86
	EndGlobalSection
	GlobalSection(ProjectConfigurationPlatforms) = postSolution
		{B1037581-B412-44F6-B083-A35F17FC345C}.Debug|Any CPU.ActiveCfg = Debug|Any CPU
		{B1037581-B412-44F6-B083-A35F17FC345C}.Debug|Any CPU.Build.0 = Debug|Any CPU
		{B1037581-B412-44F6-B083-A35F17FC345C}.Debug|ARM.ActiveCfg = Debug|Any CPU
		{B1037581-B412-44F6-B083-A35F17FC345C}.Debug|ARM.Build.0 = Debug|Any CPU
		{B1037581-B412-44F6-B083-A35F17FC345C}.Debug|x64.ActiveCfg = Debug|Any CPU
		{B1037581-B412-44F6-B083-A35F17FC345C}.Debug|x64.Build.0 = Debug|Any CPU
		{B1037581-B412-44F6-B083-A35F17FC345C}.Debug|x86.ActiveCfg = Debug|Any CPU
		{B1037581-B412-44F6-B083-A35F17FC345C}.Debug|x86.Build.0 = Debug|Any CPU
		{B1037581-B412-44F6-B083-A35F17FC345C}.Release|Any CPU.ActiveCfg = Release|Any CPU
		{B1037581-B412-44F6-B083-A35F17FC345C}.Release|Any CPU.Build.0 = Release|Any CPU
		{B1037581-B412-44F6-B083-A35F17FC345C}.Release|ARM.ActiveCfg = Release|Any CPU
		{B1037581-B412-44F6-B083-A35F17FC345C}.Release|ARM.Build.0 = Release|Any CPU
		{B1037581-B412-44F6-B083-A35F17FC345C}.Release|x64.ActiveCfg = Release|Any CPU
		{B1037581-B412-44F6-B083-A35F17FC345C}.Release|x64.Build.0 = Release|Any CPU
		{B1037581-B412-44F6-B083-A35F17FC345C}.Release|x86.ActiveCfg = Release|Any CPU
		{B1037581-B412-44F6-B083-A35F17FC345C}.Release|x86.Build.0 = Release|Any CPU
		{D2B38A9F-F189-4C08-9B4B-3AC520147AF9}.Debug|Any CPU.ActiveCfg = Debug|Any CPU
		{D2B38A9F-F189-4C08-9B4B-3AC520147AF9}.Debug|Any CPU.Build.0 = Debug|Any CPU
		{D2B38A9F-F189-4C08-9B4B-3AC520147AF9}.Debug|ARM.ActiveCfg = Debug|Any CPU
		{D2B38A9F-F189-4C08-9B4B-3AC520147AF9}.Debug|ARM.Build.0 = Debug|Any CPU
		{D2B38A9F-F189-4C08-9B4B-3AC520147AF9}.Debug|x64.ActiveCfg = Debug|Any CPU
		{D2B38A9F-F189-4C08-9B4B-3AC520147AF9}.Debug|x64.Build.0 = Debug|Any CPU
		{D2B38A9F-F189-4C08-9B4B-3AC520147AF9}.Debug|x86.ActiveCfg = Debug|Any CPU
		{D2B38A9F-F189-4C08-9B4B-3AC520147AF9}.Debug|x86.Build.0 = Debug|Any CPU
		{D2B38A9F-F189-4C08-9B4B-3AC520147AF9}.Release|Any CPU.ActiveCfg = Release|Any CPU
		{D2B38A9F-F189-4C08-9B4B-3AC520147AF9}.Release|Any CPU.Build.0 = Release|Any CPU
		{D2B38A9F-F189-4C08-9B4B-3AC520147AF9}.Release|ARM.ActiveCfg = Release|Any CPU
		{D2B38A9F-F189-4C08-9B4B-3AC520147AF9}.Release|ARM.Build.0 = Release|Any CPU
		{D2B38A9F-F189-4C08-9B4B-3AC520147AF9}.Release|x64.ActiveCfg = Release|Any CPU
		{D2B38A9F-F189-4C08-9B4B-3AC520147AF9}.Release|x64.Build.0 = Release|Any CPU
		{D2B38A9F-F189-4C08-9B4B-3AC520147AF9}.Release|x86.ActiveCfg = Release|Any CPU
		{D2B38A9F-F189-4C08-9B4B-3AC520147AF9}.Release|x86.Build.0 = Release|Any CPU
		{E8F773B5-78FA-44E8-8A8D-E76C4E1C2B41}.Debug|Any CPU.ActiveCfg = Debug|Any CPU
		{E8F773B5-78FA-44E8-8A8D-E76C4E1C2B41}.Debug|Any CPU.Build.0 = Debug|Any CPU
		{E8F773B5-78FA-44E8-8A8D-E76C4E1C2B41}.Debug|ARM.ActiveCfg = Debug|Any CPU
		{E8F773B5-78FA-44E8-8A8D-E76C4E1C2B41}.Debug|ARM.Build.0 = Debug|Any CPU
		{E8F773B5-78FA-44E8-8A8D-E76C4E1C2B41}.Debug|x64.ActiveCfg = Debug|Any CPU
		{E8F773B5-78FA-44E8-8A8D-E76C4E1C2B41}.Debug|x64.Build.0 = Debug|Any CPU
		{E8F773B5-78FA-44E8-8A8D-E76C4E1C2B41}.Debug|x86.ActiveCfg = Debug|Any CPU
		{E8F773B5-78FA-44E8-8A8D-E76C4E1C2B41}.Debug|x86.Build.0 = Debug|Any CPU
		{E8F773B5-78FA-44E8-8A8D-E76C4E1C2B41}.Release|Any CPU.ActiveCfg = Release|Any CPU
		{E8F773B5-78FA-44E8-8A8D-E76C4E1C2B41}.Release|Any CPU.Build.0 = Release|Any CPU
		{E8F773B5-78FA-44E8-8A8D-E76C4E1C2B41}.Release|ARM.ActiveCfg = Release|Any CPU
		{E8F773B5-78FA-44E8-8A8D-E76C4E1C2B41}.Release|ARM.Build.0 = Release|Any CPU
		{E8F773B5-78FA-44E8-8A8D-E76C4E1C2B41}.Release|x64.ActiveCfg = Release|Any CPU
		{E8F773B5-78FA-44E8-8A8D-E76C4E1C2B41}.Release|x64.Build.0 = Release|Any CPU
		{E8F773B5-78FA-44E8-8A8D-E76C4E1C2B41}.Release|x86.ActiveCfg = Release|Any CPU
		{E8F773B5-78FA-44E8-8A8D-E76C4E1C2B41}.Release|x86.Build.0 = Release|Any CPU
		{5AED5F01-1C1E-4950-A5B9-A6FEC9D85A25}.Debug|Any CPU.ActiveCfg = Debug|Any CPU
		{5AED5F01-1C1E-4950-A5B9-A6FEC9D85A25}.Debug|Any CPU.Build.0 = Debug|Any CPU
		{5AED5F01-1C1E-4950-A5B9-A6FEC9D85A25}.Debug|Any CPU.Deploy.0 = Debug|Any CPU
		{5AED5F01-1C1E-4950-A5B9-A6FEC9D85A25}.Debug|ARM.ActiveCfg = Debug|ARM
		{5AED5F01-1C1E-4950-A5B9-A6FEC9D85A25}.Debug|ARM.Build.0 = Debug|ARM
		{5AED5F01-1C1E-4950-A5B9-A6FEC9D85A25}.Debug|ARM.Deploy.0 = Debug|ARM
		{5AED5F01-1C1E-4950-A5B9-A6FEC9D85A25}.Debug|x64.ActiveCfg = Debug|x64
		{5AED5F01-1C1E-4950-A5B9-A6FEC9D85A25}.Debug|x64.Build.0 = Debug|x64
		{5AED5F01-1C1E-4950-A5B9-A6FEC9D85A25}.Debug|x64.Deploy.0 = Debug|x64
		{5AED5F01-1C1E-4950-A5B9-A6FEC9D85A25}.Debug|x86.ActiveCfg = Debug|x86
		{5AED5F01-1C1E-4950-A5B9-A6FEC9D85A25}.Debug|x86.Build.0 = Debug|x86
		{5AED5F01-1C1E-4950-A5B9-A6FEC9D85A25}.Debug|x86.Deploy.0 = Debug|x86
		{5AED5F01-1C1E-4950-A5B9-A6FEC9D85A25}.Release|Any CPU.ActiveCfg = Release|Any CPU
		{5AED5F01-1C1E-4950-A5B9-A6FEC9D85A25}.Release|Any CPU.Build.0 = Release|Any CPU
		{5AED5F01-1C1E-4950-A5B9-A6FEC9D85A25}.Release|Any CPU.Deploy.0 = Release|Any CPU
		{5AED5F01-1C1E-4950-A5B9-A6FEC9D85A25}.Release|ARM.ActiveCfg = Release|ARM
		{5AED5F01-1C1E-4950-A5B9-A6FEC9D85A25}.Release|ARM.Build.0 = Release|ARM
		{5AED5F01-1C1E-4950-A5B9-A6FEC9D85A25}.Release|ARM.Deploy.0 = Release|ARM
		{5AED5F01-1C1E-4950-A5B9-A6FEC9D85A25}.Release|x64.ActiveCfg = Release|x64
		{5AED5F01-1C1E-4950-A5B9-A6FEC9D85A25}.Release|x64.Build.0 = Release|x64
		{5AED5F01-1C1E-4950-A5B9-A6FEC9D85A25}.Release|x64.Deploy.0 = Release|x64
		{5AED5F01-1C1E-4950-A5B9-A6FEC9D85A25}.Release|x86.ActiveCfg = Release|x86
		{5AED5F01-1C1E-4950-A5B9-A6FEC9D85A25}.Release|x86.Build.0 = Release|x86
		{5AED5F01-1C1E-4950-A5B9-A6FEC9D85A25}.Release|x86.Deploy.0 = Release|x86
		{59DE9402-78BD-461E-854E-989C45E91F68}.Debug|Any CPU.ActiveCfg = Debug|Any CPU
		{59DE9402-78BD-461E-854E-989C45E91F68}.Debug|Any CPU.Build.0 = Debug|Any CPU
		{59DE9402-78BD-461E-854E-989C45E91F68}.Debug|Any CPU.Deploy.0 = Debug|Any CPU
		{59DE9402-78BD-461E-854E-989C45E91F68}.Debug|ARM.ActiveCfg = Debug|ARM
		{59DE9402-78BD-461E-854E-989C45E91F68}.Debug|ARM.Build.0 = Debug|ARM
		{59DE9402-78BD-461E-854E-989C45E91F68}.Debug|ARM.Deploy.0 = Debug|ARM
		{59DE9402-78BD-461E-854E-989C45E91F68}.Debug|x64.ActiveCfg = Debug|Any CPU
		{59DE9402-78BD-461E-854E-989C45E91F68}.Debug|x64.Build.0 = Debug|Any CPU
		{59DE9402-78BD-461E-854E-989C45E91F68}.Debug|x64.Deploy.0 = Debug|Any CPU
		{59DE9402-78BD-461E-854E-989C45E91F68}.Debug|x86.ActiveCfg = Debug|x86
		{59DE9402-78BD-461E-854E-989C45E91F68}.Debug|x86.Build.0 = Debug|x86
		{59DE9402-78BD-461E-854E-989C45E91F68}.Debug|x86.Deploy.0 = Debug|x86
		{59DE9402-78BD-461E-854E-989C45E91F68}.Release|Any CPU.ActiveCfg = Release|Any CPU
		{59DE9402-78BD-461E-854E-989C45E91F68}.Release|Any CPU.Build.0 = Release|Any CPU
		{59DE9402-78BD-461E-854E-989C45E91F68}.Release|Any CPU.Deploy.0 = Release|Any CPU
		{59DE9402-78BD-461E-854E-989C45E91F68}.Release|ARM.ActiveCfg = Release|ARM
		{59DE9402-78BD-461E-854E-989C45E91F68}.Release|ARM.Build.0 = Release|ARM
		{59DE9402-78BD-461E-854E-989C45E91F68}.Release|ARM.Deploy.0 = Release|ARM
		{59DE9402-78BD-461E-854E-989C45E91F68}.Release|x64.ActiveCfg = Release|Any CPU
		{59DE9402-78BD-461E-854E-989C45E91F68}.Release|x64.Build.0 = Release|Any CPU
		{59DE9402-78BD-461E-854E-989C45E91F68}.Release|x64.Deploy.0 = Release|Any CPU
		{59DE9402-78BD-461E-854E-989C45E91F68}.Release|x86.ActiveCfg = Release|x86
		{59DE9402-78BD-461E-854E-989C45E91F68}.Release|x86.Build.0 = Release|x86
		{59DE9402-78BD-461E-854E-989C45E91F68}.Release|x86.Deploy.0 = Release|x86
	EndGlobalSection
	GlobalSection(SolutionProperties) = preSolution
		HideSolutionNode = FALSE
	EndGlobalSection
	GlobalSection(NestedProjects) = preSolution
		{B1037581-B412-44F6-B083-A35F17FC345C} = {7C19A7FD-A659-4E7A-ADE3-B5A84DB1038D}
		{AAE58D33-504C-448A-8D08-12C3116653A5} = {D6CFDF90-0CF8-4C60-95D1-39908F3D1268}
		{D2B38A9F-F189-4C08-9B4B-3AC520147AF9} = {7C19A7FD-A659-4E7A-ADE3-B5A84DB1038D}
		{E8F773B5-78FA-44E8-8A8D-E76C4E1C2B41} = {7C19A7FD-A659-4E7A-ADE3-B5A84DB1038D}
		{BB8B62D2-70CB-4E4A-B205-9878FEFB21EC} = {7C19A7FD-A659-4E7A-ADE3-B5A84DB1038D}
		{5AED5F01-1C1E-4950-A5B9-A6FEC9D85A25} = {7C19A7FD-A659-4E7A-ADE3-B5A84DB1038D}
		{59DE9402-78BD-461E-854E-989C45E91F68} = {7C19A7FD-A659-4E7A-ADE3-B5A84DB1038D}
	EndGlobalSection
EndGlobal
